// !$*UTF8*$!
{
	archiveVersion = 1;
	classes = {
	};
	objectVersion = 56;
	objects = {

/* Begin PBXBuildFile section */
		01015B5D2A07DA7B00E319ED /* RegisterViewModel.swift in Sources */ = {isa = PBXBuildFile; fileRef = 01015B5C2A07DA7B00E319ED /* RegisterViewModel.swift */; };
		01015B602A07E24900E319ED /* LoginViewModel.swift in Sources */ = {isa = PBXBuildFile; fileRef = 01015B5F2A07E24900E319ED /* LoginViewModel.swift */; };
		01015B642A07F6EB00E319ED /* ProductPerCategoryViewController.swift in Sources */ = {isa = PBXBuildFile; fileRef = 01015B622A07F6EB00E319ED /* ProductPerCategoryViewController.swift */; };
		01015B652A07F6EB00E319ED /* ProductPerCategoryViewController.xib in Resources */ = {isa = PBXBuildFile; fileRef = 01015B632A07F6EB00E319ED /* ProductPerCategoryViewController.xib */; };
		01015B692A07FD1500E319ED /* ProductPerCategoryViewModel.swift in Sources */ = {isa = PBXBuildFile; fileRef = 01015B682A07FD1500E319ED /* ProductPerCategoryViewModel.swift */; };
		0127A19B2A04900500613693 /* WalletTableViewCell.swift in Sources */ = {isa = PBXBuildFile; fileRef = 0127A1992A04900500613693 /* WalletTableViewCell.swift */; };
		0127A19C2A04900500613693 /* WalletTableViewCell.xib in Resources */ = {isa = PBXBuildFile; fileRef = 0127A19A2A04900500613693 /* WalletTableViewCell.xib */; };
		0127A1A02A04F08E00613693 /* DetailProductViewModel.swift in Sources */ = {isa = PBXBuildFile; fileRef = 0127A19F2A04F08E00613693 /* DetailProductViewModel.swift */; };
		013F6B3C2A009B8500A14FAF /* AllProductsViewController.swift in Sources */ = {isa = PBXBuildFile; fileRef = 013F6B3A2A009B8500A14FAF /* AllProductsViewController.swift */; };
		013F6B3D2A009B8500A14FAF /* AllProductsViewController.xib in Resources */ = {isa = PBXBuildFile; fileRef = 013F6B3B2A009B8500A14FAF /* AllProductsViewController.xib */; };
		013F6B412A009D2300A14FAF /* AllProductsViewModel.swift in Sources */ = {isa = PBXBuildFile; fileRef = 013F6B402A009D2300A14FAF /* AllProductsViewModel.swift */; };
		013F6B432A00A5B400A14FAF /* GoogleService-Info.plist in Resources */ = {isa = PBXBuildFile; fileRef = 013F6B422A00A5B400A14FAF /* GoogleService-Info.plist */; };
		013F6B472A00A96300A14FAF /* RegisterViewController.swift in Sources */ = {isa = PBXBuildFile; fileRef = 013F6B452A00A96300A14FAF /* RegisterViewController.swift */; };
		013F6B482A00A96300A14FAF /* RegisterViewController.xib in Resources */ = {isa = PBXBuildFile; fileRef = 013F6B462A00A96300A14FAF /* RegisterViewController.xib */; };
		013F6B4C2A00B2E700A14FAF /* LoginViewController.swift in Sources */ = {isa = PBXBuildFile; fileRef = 013F6B4A2A00B2E700A14FAF /* LoginViewController.swift */; };
		013F6B4D2A00B2E700A14FAF /* LoginViewController.xib in Resources */ = {isa = PBXBuildFile; fileRef = 013F6B4B2A00B2E700A14FAF /* LoginViewController.xib */; };
		013F6B8C2A00D37F00A14FAF /* RegisterLoginTextField.swift in Sources */ = {isa = PBXBuildFile; fileRef = 013F6B8B2A00D37F00A14FAF /* RegisterLoginTextField.swift */; };
		01627BB229E656E30082B6A5 /* Promo.swift in Sources */ = {isa = PBXBuildFile; fileRef = 01627BB129E656E30082B6A5 /* Promo.swift */; };
		01627BB629E65AD50082B6A5 /* Product.swift in Sources */ = {isa = PBXBuildFile; fileRef = 01627BB529E65AD50082B6A5 /* Product.swift */; };
		01627BB929E65F790082B6A5 /* SDWebImage in Frameworks */ = {isa = PBXBuildFile; productRef = 01627BB829E65F790082B6A5 /* SDWebImage */; };
		01627BBC29E670FC0082B6A5 /* APIService.swift in Sources */ = {isa = PBXBuildFile; fileRef = 01627BBB29E670FC0082B6A5 /* APIService.swift */; };
		01627BC129E679E50082B6A5 /* PromoViewModel.swift in Sources */ = {isa = PBXBuildFile; fileRef = 01627BC029E679E50082B6A5 /* PromoViewModel.swift */; };
		0168D93229E3A29A00BDB81D /* UserProfileTableCell.swift in Sources */ = {isa = PBXBuildFile; fileRef = 0168D93029E3A29A00BDB81D /* UserProfileTableCell.swift */; };
		0168D93329E3A29A00BDB81D /* UserProfileTableCell.xib in Resources */ = {isa = PBXBuildFile; fileRef = 0168D93129E3A29A00BDB81D /* UserProfileTableCell.xib */; };
		0168D94029E3BFD500BDB81D /* MenuButtonTableCell.swift in Sources */ = {isa = PBXBuildFile; fileRef = 0168D93E29E3BFD500BDB81D /* MenuButtonTableCell.swift */; };
		0168D94129E3BFD500BDB81D /* MenuButtonTableCell.xib in Resources */ = {isa = PBXBuildFile; fileRef = 0168D93F29E3BFD500BDB81D /* MenuButtonTableCell.xib */; };
		0168D94729E3C48D00BDB81D /* LogoutButtonTableCell.swift in Sources */ = {isa = PBXBuildFile; fileRef = 0168D94529E3C48D00BDB81D /* LogoutButtonTableCell.swift */; };
		0168D94829E3C48D00BDB81D /* LogoutButtonTableCell.xib in Resources */ = {isa = PBXBuildFile; fileRef = 0168D94629E3C48D00BDB81D /* LogoutButtonTableCell.xib */; };
		017E9FFD29E3F9C80094D972 /* DetailViewController.swift in Sources */ = {isa = PBXBuildFile; fileRef = 017E9FFB29E3F9C80094D972 /* DetailViewController.swift */; };
		017E9FFE29E3F9C80094D972 /* DetailViewController.xib in Resources */ = {isa = PBXBuildFile; fileRef = 017E9FFC29E3F9C80094D972 /* DetailViewController.xib */; };
		0186D7592A068FA30026731B /* CategoryProductViewController.swift in Sources */ = {isa = PBXBuildFile; fileRef = 0186D7572A068FA30026731B /* CategoryProductViewController.swift */; };
		0186D75A2A068FA40026731B /* CategoryProductViewController.xib in Resources */ = {isa = PBXBuildFile; fileRef = 0186D7582A068FA30026731B /* CategoryProductViewController.xib */; };
		0186D75D2A068FDD0026731B /* CategoryProductViewModel.swift in Sources */ = {isa = PBXBuildFile; fileRef = 0186D75C2A068FDD0026731B /* CategoryProductViewModel.swift */; };
		0186D7612A06904A0026731B /* CategoryProductCollectionViewCell.swift in Sources */ = {isa = PBXBuildFile; fileRef = 0186D75F2A06904A0026731B /* CategoryProductCollectionViewCell.swift */; };
		0186D7622A06904A0026731B /* CategoryProductCollectionViewCell.xib in Resources */ = {isa = PBXBuildFile; fileRef = 0186D7602A06904A0026731B /* CategoryProductCollectionViewCell.xib */; };
		01CA6AD829E7E92E003898C6 /* FeatureProductViewModel.swift in Sources */ = {isa = PBXBuildFile; fileRef = 01CA6AD729E7E92E003898C6 /* FeatureProductViewModel.swift */; };
		520FAD6629DEAA15004021F9 /* FeaturedProductTableCell.swift in Sources */ = {isa = PBXBuildFile; fileRef = 520FAD6429DEAA15004021F9 /* FeaturedProductTableCell.swift */; };
		520FAD6729DEAA15004021F9 /* FeaturedProductTableCell.xib in Resources */ = {isa = PBXBuildFile; fileRef = 520FAD6529DEAA15004021F9 /* FeaturedProductTableCell.xib */; };
		520FAD6A29DEAA46004021F9 /* ProductCollectionCell.swift in Sources */ = {isa = PBXBuildFile; fileRef = 520FAD6829DEAA46004021F9 /* ProductCollectionCell.swift */; };
		520FAD6B29DEAA46004021F9 /* ProductCollectionCell.xib in Resources */ = {isa = PBXBuildFile; fileRef = 520FAD6929DEAA46004021F9 /* ProductCollectionCell.xib */; };
		52CF7C1C29DE810700A732E0 /* AppDelegate.swift in Sources */ = {isa = PBXBuildFile; fileRef = 52CF7C1B29DE810700A732E0 /* AppDelegate.swift */; };
		52CF7C1E29DE810700A732E0 /* SceneDelegate.swift in Sources */ = {isa = PBXBuildFile; fileRef = 52CF7C1D29DE810700A732E0 /* SceneDelegate.swift */; };
		52CF7C2529DE810800A732E0 /* Assets.xcassets in Resources */ = {isa = PBXBuildFile; fileRef = 52CF7C2429DE810800A732E0 /* Assets.xcassets */; };
		52CF7C2829DE810800A732E0 /* LaunchScreen.storyboard in Resources */ = {isa = PBXBuildFile; fileRef = 52CF7C2629DE810800A732E0 /* LaunchScreen.storyboard */; };
		52CF7C3C29DE82F800A732E0 /* TabBar.swift in Sources */ = {isa = PBXBuildFile; fileRef = 52CF7C3B29DE82F800A732E0 /* TabBar.swift */; };
		52CF7C3F29DE842700A732E0 /* HomeViewController.swift in Sources */ = {isa = PBXBuildFile; fileRef = 52CF7C3D29DE842700A732E0 /* HomeViewController.swift */; };
		52CF7C4029DE842700A732E0 /* HomeViewController.xib in Resources */ = {isa = PBXBuildFile; fileRef = 52CF7C3E29DE842700A732E0 /* HomeViewController.xib */; };
		52CF7C4929DE845000A732E0 /* ProfileViewController.swift in Sources */ = {isa = PBXBuildFile; fileRef = 52CF7C4729DE845000A732E0 /* ProfileViewController.swift */; };
		52CF7C4A29DE845000A732E0 /* ProfileViewController.xib in Resources */ = {isa = PBXBuildFile; fileRef = 52CF7C4829DE845000A732E0 /* ProfileViewController.xib */; };
		52CF7C5629DE8B8400A732E0 /* PromoTableCell.swift in Sources */ = {isa = PBXBuildFile; fileRef = 52CF7C5429DE8B8400A732E0 /* PromoTableCell.swift */; };
		52CF7C5729DE8B8400A732E0 /* PromoTableCell.xib in Resources */ = {isa = PBXBuildFile; fileRef = 52CF7C5529DE8B8400A732E0 /* PromoTableCell.xib */; };
		52CF7C5A29DE8C0A00A732E0 /* PromoCollectionCell.swift in Sources */ = {isa = PBXBuildFile; fileRef = 52CF7C5829DE8C0A00A732E0 /* PromoCollectionCell.swift */; };
		52CF7C5B29DE8C0A00A732E0 /* PromoCollectionCell.xib in Resources */ = {isa = PBXBuildFile; fileRef = 52CF7C5929DE8C0A00A732E0 /* PromoCollectionCell.xib */; };
		52D10B8E29DEA078002426F9 /* CategoryTableCell.swift in Sources */ = {isa = PBXBuildFile; fileRef = 52D10B8C29DEA078002426F9 /* CategoryTableCell.swift */; };
		52D10B8F29DEA078002426F9 /* CategoryTableCell.xib in Resources */ = {isa = PBXBuildFile; fileRef = 52D10B8D29DEA078002426F9 /* CategoryTableCell.xib */; };
		52D10B9229DEA0B7002426F9 /* CategoryCollectionCell.swift in Sources */ = {isa = PBXBuildFile; fileRef = 52D10B9029DEA0B7002426F9 /* CategoryCollectionCell.swift */; };
		52D10B9329DEA0B7002426F9 /* CategoryCollectionCell.xib in Resources */ = {isa = PBXBuildFile; fileRef = 52D10B9129DEA0B7002426F9 /* CategoryCollectionCell.xib */; };
		A3D3BBECE95ACD15B0F3113C /* Pods_EcommerceApp.framework in Frameworks */ = {isa = PBXBuildFile; fileRef = EE0A45000501C962FC9FE88E /* Pods_EcommerceApp.framework */; };
/* End PBXBuildFile section */

/* Begin PBXFileReference section */
		01015B5C2A07DA7B00E319ED /* RegisterViewModel.swift */ = {isa = PBXFileReference; lastKnownFileType = sourcecode.swift; path = RegisterViewModel.swift; sourceTree = "<group>"; };
		01015B5F2A07E24900E319ED /* LoginViewModel.swift */ = {isa = PBXFileReference; lastKnownFileType = sourcecode.swift; path = LoginViewModel.swift; sourceTree = "<group>"; };
		01015B622A07F6EB00E319ED /* ProductPerCategoryViewController.swift */ = {isa = PBXFileReference; lastKnownFileType = sourcecode.swift; path = ProductPerCategoryViewController.swift; sourceTree = "<group>"; };
		01015B632A07F6EB00E319ED /* ProductPerCategoryViewController.xib */ = {isa = PBXFileReference; lastKnownFileType = file.xib; path = ProductPerCategoryViewController.xib; sourceTree = "<group>"; };
		01015B682A07FD1500E319ED /* ProductPerCategoryViewModel.swift */ = {isa = PBXFileReference; lastKnownFileType = sourcecode.swift; path = ProductPerCategoryViewModel.swift; sourceTree = "<group>"; };
		0127A1992A04900500613693 /* WalletTableViewCell.swift */ = {isa = PBXFileReference; lastKnownFileType = sourcecode.swift; path = WalletTableViewCell.swift; sourceTree = "<group>"; };
		0127A19A2A04900500613693 /* WalletTableViewCell.xib */ = {isa = PBXFileReference; lastKnownFileType = file.xib; path = WalletTableViewCell.xib; sourceTree = "<group>"; };
		0127A19F2A04F08E00613693 /* DetailProductViewModel.swift */ = {isa = PBXFileReference; lastKnownFileType = sourcecode.swift; path = DetailProductViewModel.swift; sourceTree = "<group>"; };
		013F6B3A2A009B8500A14FAF /* AllProductsViewController.swift */ = {isa = PBXFileReference; lastKnownFileType = sourcecode.swift; path = AllProductsViewController.swift; sourceTree = "<group>"; };
		013F6B3B2A009B8500A14FAF /* AllProductsViewController.xib */ = {isa = PBXFileReference; lastKnownFileType = file.xib; path = AllProductsViewController.xib; sourceTree = "<group>"; };
		013F6B402A009D2300A14FAF /* AllProductsViewModel.swift */ = {isa = PBXFileReference; lastKnownFileType = sourcecode.swift; path = AllProductsViewModel.swift; sourceTree = "<group>"; };
		013F6B422A00A5B400A14FAF /* GoogleService-Info.plist */ = {isa = PBXFileReference; fileEncoding = 4; lastKnownFileType = text.plist.xml; path = "GoogleService-Info.plist"; sourceTree = "<group>"; };
		013F6B452A00A96300A14FAF /* RegisterViewController.swift */ = {isa = PBXFileReference; lastKnownFileType = sourcecode.swift; path = RegisterViewController.swift; sourceTree = "<group>"; };
		013F6B462A00A96300A14FAF /* RegisterViewController.xib */ = {isa = PBXFileReference; lastKnownFileType = file.xib; path = RegisterViewController.xib; sourceTree = "<group>"; };
		013F6B4A2A00B2E700A14FAF /* LoginViewController.swift */ = {isa = PBXFileReference; lastKnownFileType = sourcecode.swift; path = LoginViewController.swift; sourceTree = "<group>"; };
		013F6B4B2A00B2E700A14FAF /* LoginViewController.xib */ = {isa = PBXFileReference; lastKnownFileType = file.xib; path = LoginViewController.xib; sourceTree = "<group>"; };
		013F6B8B2A00D37F00A14FAF /* RegisterLoginTextField.swift */ = {isa = PBXFileReference; lastKnownFileType = sourcecode.swift; path = RegisterLoginTextField.swift; sourceTree = "<group>"; };
		01627BB129E656E30082B6A5 /* Promo.swift */ = {isa = PBXFileReference; lastKnownFileType = sourcecode.swift; path = Promo.swift; sourceTree = "<group>"; };
		01627BB529E65AD50082B6A5 /* Product.swift */ = {isa = PBXFileReference; lastKnownFileType = sourcecode.swift; path = Product.swift; sourceTree = "<group>"; };
		01627BBB29E670FC0082B6A5 /* APIService.swift */ = {isa = PBXFileReference; lastKnownFileType = sourcecode.swift; path = APIService.swift; sourceTree = "<group>"; };
		01627BC029E679E50082B6A5 /* PromoViewModel.swift */ = {isa = PBXFileReference; lastKnownFileType = sourcecode.swift; path = PromoViewModel.swift; sourceTree = "<group>"; };
		0168D93029E3A29A00BDB81D /* UserProfileTableCell.swift */ = {isa = PBXFileReference; lastKnownFileType = sourcecode.swift; path = UserProfileTableCell.swift; sourceTree = "<group>"; };
		0168D93129E3A29A00BDB81D /* UserProfileTableCell.xib */ = {isa = PBXFileReference; lastKnownFileType = file.xib; path = UserProfileTableCell.xib; sourceTree = "<group>"; };
		0168D93E29E3BFD500BDB81D /* MenuButtonTableCell.swift */ = {isa = PBXFileReference; lastKnownFileType = sourcecode.swift; path = MenuButtonTableCell.swift; sourceTree = "<group>"; };
		0168D93F29E3BFD500BDB81D /* MenuButtonTableCell.xib */ = {isa = PBXFileReference; lastKnownFileType = file.xib; path = MenuButtonTableCell.xib; sourceTree = "<group>"; };
		0168D94529E3C48D00BDB81D /* LogoutButtonTableCell.swift */ = {isa = PBXFileReference; lastKnownFileType = sourcecode.swift; path = LogoutButtonTableCell.swift; sourceTree = "<group>"; };
		0168D94629E3C48D00BDB81D /* LogoutButtonTableCell.xib */ = {isa = PBXFileReference; lastKnownFileType = file.xib; path = LogoutButtonTableCell.xib; sourceTree = "<group>"; };
		017E9FFB29E3F9C80094D972 /* DetailViewController.swift */ = {isa = PBXFileReference; lastKnownFileType = sourcecode.swift; path = DetailViewController.swift; sourceTree = "<group>"; };
		017E9FFC29E3F9C80094D972 /* DetailViewController.xib */ = {isa = PBXFileReference; lastKnownFileType = file.xib; path = DetailViewController.xib; sourceTree = "<group>"; };
		0186D7572A068FA30026731B /* CategoryProductViewController.swift */ = {isa = PBXFileReference; lastKnownFileType = sourcecode.swift; path = CategoryProductViewController.swift; sourceTree = "<group>"; };
		0186D7582A068FA30026731B /* CategoryProductViewController.xib */ = {isa = PBXFileReference; lastKnownFileType = file.xib; path = CategoryProductViewController.xib; sourceTree = "<group>"; };
		0186D75C2A068FDD0026731B /* CategoryProductViewModel.swift */ = {isa = PBXFileReference; lastKnownFileType = sourcecode.swift; path = CategoryProductViewModel.swift; sourceTree = "<group>"; };
		0186D75F2A06904A0026731B /* CategoryProductCollectionViewCell.swift */ = {isa = PBXFileReference; lastKnownFileType = sourcecode.swift; path = CategoryProductCollectionViewCell.swift; sourceTree = "<group>"; };
		0186D7602A06904A0026731B /* CategoryProductCollectionViewCell.xib */ = {isa = PBXFileReference; lastKnownFileType = file.xib; path = CategoryProductCollectionViewCell.xib; sourceTree = "<group>"; };
		01CA6AD729E7E92E003898C6 /* FeatureProductViewModel.swift */ = {isa = PBXFileReference; lastKnownFileType = sourcecode.swift; path = FeatureProductViewModel.swift; sourceTree = "<group>"; };
		1E47C40FCDAE11C8B715EB43 /* Pods-EcommerceApp.debug.xcconfig */ = {isa = PBXFileReference; includeInIndex = 1; lastKnownFileType = text.xcconfig; name = "Pods-EcommerceApp.debug.xcconfig"; path = "Target Support Files/Pods-EcommerceApp/Pods-EcommerceApp.debug.xcconfig"; sourceTree = "<group>"; };
		520FAD6429DEAA15004021F9 /* FeaturedProductTableCell.swift */ = {isa = PBXFileReference; lastKnownFileType = sourcecode.swift; path = FeaturedProductTableCell.swift; sourceTree = "<group>"; };
		520FAD6529DEAA15004021F9 /* FeaturedProductTableCell.xib */ = {isa = PBXFileReference; lastKnownFileType = file.xib; path = FeaturedProductTableCell.xib; sourceTree = "<group>"; };
		520FAD6829DEAA46004021F9 /* ProductCollectionCell.swift */ = {isa = PBXFileReference; lastKnownFileType = sourcecode.swift; path = ProductCollectionCell.swift; sourceTree = "<group>"; };
		520FAD6929DEAA46004021F9 /* ProductCollectionCell.xib */ = {isa = PBXFileReference; lastKnownFileType = file.xib; path = ProductCollectionCell.xib; sourceTree = "<group>"; };
		52CF7C1829DE810700A732E0 /* EcommerceApp.app */ = {isa = PBXFileReference; explicitFileType = wrapper.application; includeInIndex = 0; path = EcommerceApp.app; sourceTree = BUILT_PRODUCTS_DIR; };
		52CF7C1B29DE810700A732E0 /* AppDelegate.swift */ = {isa = PBXFileReference; lastKnownFileType = sourcecode.swift; path = AppDelegate.swift; sourceTree = "<group>"; };
		52CF7C1D29DE810700A732E0 /* SceneDelegate.swift */ = {isa = PBXFileReference; lastKnownFileType = sourcecode.swift; path = SceneDelegate.swift; sourceTree = "<group>"; };
		52CF7C2429DE810800A732E0 /* Assets.xcassets */ = {isa = PBXFileReference; lastKnownFileType = folder.assetcatalog; path = Assets.xcassets; sourceTree = "<group>"; };
		52CF7C2729DE810800A732E0 /* Base */ = {isa = PBXFileReference; lastKnownFileType = file.storyboard; name = Base; path = Base.lproj/LaunchScreen.storyboard; sourceTree = "<group>"; };
		52CF7C2929DE810800A732E0 /* Info.plist */ = {isa = PBXFileReference; lastKnownFileType = text.plist.xml; path = Info.plist; sourceTree = "<group>"; };
		52CF7C3B29DE82F800A732E0 /* TabBar.swift */ = {isa = PBXFileReference; lastKnownFileType = sourcecode.swift; path = TabBar.swift; sourceTree = "<group>"; };
		52CF7C3D29DE842700A732E0 /* HomeViewController.swift */ = {isa = PBXFileReference; lastKnownFileType = sourcecode.swift; path = HomeViewController.swift; sourceTree = "<group>"; };
		52CF7C3E29DE842700A732E0 /* HomeViewController.xib */ = {isa = PBXFileReference; lastKnownFileType = file.xib; path = HomeViewController.xib; sourceTree = "<group>"; };
		52CF7C4729DE845000A732E0 /* ProfileViewController.swift */ = {isa = PBXFileReference; lastKnownFileType = sourcecode.swift; path = ProfileViewController.swift; sourceTree = "<group>"; };
		52CF7C4829DE845000A732E0 /* ProfileViewController.xib */ = {isa = PBXFileReference; lastKnownFileType = file.xib; path = ProfileViewController.xib; sourceTree = "<group>"; };
		52CF7C5429DE8B8400A732E0 /* PromoTableCell.swift */ = {isa = PBXFileReference; lastKnownFileType = sourcecode.swift; path = PromoTableCell.swift; sourceTree = "<group>"; };
		52CF7C5529DE8B8400A732E0 /* PromoTableCell.xib */ = {isa = PBXFileReference; lastKnownFileType = file.xib; path = PromoTableCell.xib; sourceTree = "<group>"; };
		52CF7C5829DE8C0A00A732E0 /* PromoCollectionCell.swift */ = {isa = PBXFileReference; lastKnownFileType = sourcecode.swift; path = PromoCollectionCell.swift; sourceTree = "<group>"; };
		52CF7C5929DE8C0A00A732E0 /* PromoCollectionCell.xib */ = {isa = PBXFileReference; lastKnownFileType = file.xib; path = PromoCollectionCell.xib; sourceTree = "<group>"; };
		52D10B8C29DEA078002426F9 /* CategoryTableCell.swift */ = {isa = PBXFileReference; lastKnownFileType = sourcecode.swift; path = CategoryTableCell.swift; sourceTree = "<group>"; };
		52D10B8D29DEA078002426F9 /* CategoryTableCell.xib */ = {isa = PBXFileReference; lastKnownFileType = file.xib; path = CategoryTableCell.xib; sourceTree = "<group>"; };
		52D10B9029DEA0B7002426F9 /* CategoryCollectionCell.swift */ = {isa = PBXFileReference; lastKnownFileType = sourcecode.swift; path = CategoryCollectionCell.swift; sourceTree = "<group>"; };
		52D10B9129DEA0B7002426F9 /* CategoryCollectionCell.xib */ = {isa = PBXFileReference; lastKnownFileType = file.xib; path = CategoryCollectionCell.xib; sourceTree = "<group>"; };
		977F5E1992091B248D0538B8 /* Pods-EcommerceApp.release.xcconfig */ = {isa = PBXFileReference; includeInIndex = 1; lastKnownFileType = text.xcconfig; name = "Pods-EcommerceApp.release.xcconfig"; path = "Target Support Files/Pods-EcommerceApp/Pods-EcommerceApp.release.xcconfig"; sourceTree = "<group>"; };
		EE0A45000501C962FC9FE88E /* Pods_EcommerceApp.framework */ = {isa = PBXFileReference; explicitFileType = wrapper.framework; includeInIndex = 0; path = Pods_EcommerceApp.framework; sourceTree = BUILT_PRODUCTS_DIR; };
/* End PBXFileReference section */

/* Begin PBXFrameworksBuildPhase section */
		52CF7C1529DE810700A732E0 /* Frameworks */ = {
			isa = PBXFrameworksBuildPhase;
			buildActionMask = 2147483647;
			files = (
				01627BB929E65F790082B6A5 /* SDWebImage in Frameworks */,
				A3D3BBECE95ACD15B0F3113C /* Pods_EcommerceApp.framework in Frameworks */,
			);
			runOnlyForDeploymentPostprocessing = 0;
		};
/* End PBXFrameworksBuildPhase section */

/* Begin PBXGroup section */
		01015B5B2A07DA6500E319ED /* ViewModel */ = {
			isa = PBXGroup;
			children = (
				01015B5C2A07DA7B00E319ED /* RegisterViewModel.swift */,
			);
			path = ViewModel;
			sourceTree = "<group>";
		};
		01015B5E2A07E23F00E319ED /* ViewModel */ = {
			isa = PBXGroup;
			children = (
				01015B5F2A07E24900E319ED /* LoginViewModel.swift */,
			);
			path = ViewModel;
			sourceTree = "<group>";
		};
		01015B662A07FCF900E319ED /* ProductPerCategory */ = {
			isa = PBXGroup;
			children = (
				01015B672A07FD0900E319ED /* ViewModel */,
				01015B622A07F6EB00E319ED /* ProductPerCategoryViewController.swift */,
				01015B632A07F6EB00E319ED /* ProductPerCategoryViewController.xib */,
			);
			path = ProductPerCategory;
			sourceTree = "<group>";
		};
		01015B672A07FD0900E319ED /* ViewModel */ = {
			isa = PBXGroup;
			children = (
				01015B682A07FD1500E319ED /* ProductPerCategoryViewModel.swift */,
			);
			path = ViewModel;
			sourceTree = "<group>";
		};
		0127A1982A048FF700613693 /* Wallet */ = {
			isa = PBXGroup;
			children = (
				0127A1992A04900500613693 /* WalletTableViewCell.swift */,
				0127A19A2A04900500613693 /* WalletTableViewCell.xib */,
			);
			path = Wallet;
			sourceTree = "<group>";
		};
		0127A19D2A04F05600613693 /* ViewModel */ = {
			isa = PBXGroup;
			children = (
				0127A19F2A04F08E00613693 /* DetailProductViewModel.swift */,
			);
			path = ViewModel;
			sourceTree = "<group>";
		};
		0127A19E2A04F06000613693 /* Views */ = {
			isa = PBXGroup;
			children = (
				017E9FFC29E3F9C80094D972 /* DetailViewController.xib */,
				017E9FFB29E3F9C80094D972 /* DetailViewController.swift */,
			);
			path = Views;
			sourceTree = "<group>";
		};
		013F6B392A009B5800A14FAF /* AllProducts */ = {
			isa = PBXGroup;
			children = (
				013F6B3F2A009C8600A14FAF /* ViewModel */,
				013F6B3E2A009C8100A14FAF /* View */,
			);
			path = AllProducts;
			sourceTree = "<group>";
		};
		013F6B3E2A009C8100A14FAF /* View */ = {
			isa = PBXGroup;
			children = (
				013F6B3A2A009B8500A14FAF /* AllProductsViewController.swift */,
				013F6B3B2A009B8500A14FAF /* AllProductsViewController.xib */,
			);
			path = View;
			sourceTree = "<group>";
		};
		013F6B3F2A009C8600A14FAF /* ViewModel */ = {
			isa = PBXGroup;
			children = (
				013F6B402A009D2300A14FAF /* AllProductsViewModel.swift */,
			);
			path = ViewModel;
			sourceTree = "<group>";
		};
		013F6B442A00A93E00A14FAF /* Register */ = {
			isa = PBXGroup;
			children = (
				01015B5B2A07DA6500E319ED /* ViewModel */,
				013F6B452A00A96300A14FAF /* RegisterViewController.swift */,
				013F6B462A00A96300A14FAF /* RegisterViewController.xib */,
			);
			path = Register;
			sourceTree = "<group>";
		};
		013F6B492A00AF6700A14FAF /* Login */ = {
			isa = PBXGroup;
			children = (
				01015B5E2A07E23F00E319ED /* ViewModel */,
				013F6B4A2A00B2E700A14FAF /* LoginViewController.swift */,
				013F6B4B2A00B2E700A14FAF /* LoginViewController.xib */,
			);
			path = Login;
			sourceTree = "<group>";
		};
		01627BBA29E670EC0082B6A5 /* Networking */ = {
			isa = PBXGroup;
			children = (
				01627BBB29E670FC0082B6A5 /* APIService.swift */,
			);
			path = Networking;
			sourceTree = "<group>";
		};
		01627BBD29E679BB0082B6A5 /* View */ = {
			isa = PBXGroup;
			children = (
				52CF7C5429DE8B8400A732E0 /* PromoTableCell.swift */,
				52CF7C5529DE8B8400A732E0 /* PromoTableCell.xib */,
				52CF7C5829DE8C0A00A732E0 /* PromoCollectionCell.swift */,
				52CF7C5929DE8C0A00A732E0 /* PromoCollectionCell.xib */,
			);
			path = View;
			sourceTree = "<group>";
		};
		01627BBE29E679C20082B6A5 /* ViewModel */ = {
			isa = PBXGroup;
			children = (
				01627BC029E679E50082B6A5 /* PromoViewModel.swift */,
			);
			path = ViewModel;
			sourceTree = "<group>";
		};
		01627BBF29E679D20082B6A5 /* Model */ = {
			isa = PBXGroup;
			children = (
				01627BB129E656E30082B6A5 /* Promo.swift */,
			);
			path = Model;
			sourceTree = "<group>";
		};
		0168D92929E395CF00BDB81D /* Custom */ = {
			isa = PBXGroup;
			children = (
				013F6B8B2A00D37F00A14FAF /* RegisterLoginTextField.swift */,
			);
			path = Custom;
			sourceTree = "<group>";
		};
		0168D92D29E39AE500BDB81D /* FeaturedProduct */ = {
			isa = PBXGroup;
			children = (
				01CA6AD629E7E91C003898C6 /* Model */,
				01CA6AD529E7E916003898C6 /* ViewModel */,
				01CA6AD429E7E911003898C6 /* View */,
			);
			path = FeaturedProduct;
			sourceTree = "<group>";
		};
		0168D93929E3B7ED00BDB81D /* UserProfile */ = {
			isa = PBXGroup;
			children = (
				0168D93029E3A29A00BDB81D /* UserProfileTableCell.swift */,
				0168D93129E3A29A00BDB81D /* UserProfileTableCell.xib */,
			);
			path = UserProfile;
			sourceTree = "<group>";
		};
		0168D94329E3C44800BDB81D /* MenuButton */ = {
			isa = PBXGroup;
			children = (
				0168D93E29E3BFD500BDB81D /* MenuButtonTableCell.swift */,
				0168D93F29E3BFD500BDB81D /* MenuButtonTableCell.xib */,
			);
			path = MenuButton;
			sourceTree = "<group>";
		};
		0168D94429E3C45900BDB81D /* LogoutButton */ = {
			isa = PBXGroup;
			children = (
				0168D94529E3C48D00BDB81D /* LogoutButtonTableCell.swift */,
				0168D94629E3C48D00BDB81D /* LogoutButtonTableCell.xib */,
			);
			path = LogoutButton;
			sourceTree = "<group>";
		};
		017E9FFA29E3F9B10094D972 /* DetailProduct */ = {
			isa = PBXGroup;
			children = (
				0127A19E2A04F06000613693 /* Views */,
				0127A19D2A04F05600613693 /* ViewModel */,
			);
			path = DetailProduct;
			sourceTree = "<group>";
		};
		0186D7562A068F430026731B /* CategoryProduct */ = {
			isa = PBXGroup;
			children = (
				0186D7572A068FA30026731B /* CategoryProductViewController.swift */,
				0186D7582A068FA30026731B /* CategoryProductViewController.xib */,
				0186D75E2A0690040026731B /* View */,
				0186D75B2A068FA70026731B /* ViewModel */,
			);
			path = CategoryProduct;
			sourceTree = "<group>";
		};
		0186D75B2A068FA70026731B /* ViewModel */ = {
			isa = PBXGroup;
			children = (
				0186D75C2A068FDD0026731B /* CategoryProductViewModel.swift */,
			);
			path = ViewModel;
			sourceTree = "<group>";
		};
		0186D75E2A0690040026731B /* View */ = {
			isa = PBXGroup;
			children = (
				01015B662A07FCF900E319ED /* ProductPerCategory */,
				0186D75F2A06904A0026731B /* CategoryProductCollectionViewCell.swift */,
				0186D7602A06904A0026731B /* CategoryProductCollectionViewCell.xib */,
			);
			path = View;
			sourceTree = "<group>";
		};
		01CA6AD429E7E911003898C6 /* View */ = {
			isa = PBXGroup;
			children = (
				520FAD6429DEAA15004021F9 /* FeaturedProductTableCell.swift */,
				520FAD6529DEAA15004021F9 /* FeaturedProductTableCell.xib */,
				520FAD6829DEAA46004021F9 /* ProductCollectionCell.swift */,
				520FAD6929DEAA46004021F9 /* ProductCollectionCell.xib */,
			);
			path = View;
			sourceTree = "<group>";
		};
		01CA6AD529E7E916003898C6 /* ViewModel */ = {
			isa = PBXGroup;
			children = (
				01CA6AD729E7E92E003898C6 /* FeatureProductViewModel.swift */,
			);
			path = ViewModel;
			sourceTree = "<group>";
		};
		01CA6AD629E7E91C003898C6 /* Model */ = {
			isa = PBXGroup;
			children = (
				01627BB529E65AD50082B6A5 /* Product.swift */,
			);
			path = Model;
			sourceTree = "<group>";
		};
		3E9B8F1F4FA1977C83E84509 /* Pods */ = {
			isa = PBXGroup;
			children = (
				1E47C40FCDAE11C8B715EB43 /* Pods-EcommerceApp.debug.xcconfig */,
				977F5E1992091B248D0538B8 /* Pods-EcommerceApp.release.xcconfig */,
			);
			path = Pods;
			sourceTree = "<group>";
		};
		52CF7C0F29DE810700A732E0 = {
			isa = PBXGroup;
			children = (
				52CF7C1A29DE810700A732E0 /* EcommerceApp */,
				52CF7C1929DE810700A732E0 /* Products */,
				3E9B8F1F4FA1977C83E84509 /* Pods */,
				6798F21E8B9BC9C585DFA726 /* Frameworks */,
			);
			sourceTree = "<group>";
		};
		52CF7C1929DE810700A732E0 /* Products */ = {
			isa = PBXGroup;
			children = (
				52CF7C1829DE810700A732E0 /* EcommerceApp.app */,
			);
			name = Products;
			sourceTree = "<group>";
		};
		52CF7C1A29DE810700A732E0 /* EcommerceApp */ = {
			isa = PBXGroup;
			children = (
				52CF7C3529DE82A800A732E0 /* Core */,
				01627BBA29E670EC0082B6A5 /* Networking */,
				0168D92929E395CF00BDB81D /* Custom */,
				52CF7C3729DE82C700A732E0 /* Module */,
				52CF7C3629DE82B300A732E0 /* Storyboard */,
				52CF7C2429DE810800A732E0 /* Assets.xcassets */,
				52CF7C2929DE810800A732E0 /* Info.plist */,
				013F6B422A00A5B400A14FAF /* GoogleService-Info.plist */,
			);
			path = EcommerceApp;
			sourceTree = "<group>";
		};
		52CF7C3529DE82A800A732E0 /* Core */ = {
			isa = PBXGroup;
			children = (
				52CF7C1B29DE810700A732E0 /* AppDelegate.swift */,
				52CF7C1D29DE810700A732E0 /* SceneDelegate.swift */,
				52CF7C3B29DE82F800A732E0 /* TabBar.swift */,
			);
			path = Core;
			sourceTree = "<group>";
		};
		52CF7C3629DE82B300A732E0 /* Storyboard */ = {
			isa = PBXGroup;
			children = (
				52CF7C2629DE810800A732E0 /* LaunchScreen.storyboard */,
			);
			path = Storyboard;
			sourceTree = "<group>";
		};
		52CF7C3729DE82C700A732E0 /* Module */ = {
			isa = PBXGroup;
			children = (
				52CF7C3929DE82D200A732E0 /* Home */,
				0186D7562A068F430026731B /* CategoryProduct */,
				013F6B392A009B5800A14FAF /* AllProducts */,
				013F6B492A00AF6700A14FAF /* Login */,
				013F6B442A00A93E00A14FAF /* Register */,
				52CF7C3829DE82CC00A732E0 /* Profile */,
				017E9FFA29E3F9B10094D972 /* DetailProduct */,
			);
			path = Module;
			sourceTree = "<group>";
		};
		52CF7C3829DE82CC00A732E0 /* Profile */ = {
			isa = PBXGroup;
			children = (
				0168D94429E3C45900BDB81D /* LogoutButton */,
				52CF7C4729DE845000A732E0 /* ProfileViewController.swift */,
				52CF7C4829DE845000A732E0 /* ProfileViewController.xib */,
				0168D93929E3B7ED00BDB81D /* UserProfile */,
				0168D94329E3C44800BDB81D /* MenuButton */,
			);
			path = Profile;
			sourceTree = "<group>";
		};
		52CF7C3929DE82D200A732E0 /* Home */ = {
			isa = PBXGroup;
			children = (
				52CF7C3D29DE842700A732E0 /* HomeViewController.swift */,
				52CF7C3E29DE842700A732E0 /* HomeViewController.xib */,
				0127A1982A048FF700613693 /* Wallet */,
				52D10B8A29DEA04A002426F9 /* Promo */,
				52D10B9429DEA8AD002426F9 /* CategoryServices */,
				0168D92D29E39AE500BDB81D /* FeaturedProduct */,
			);
			path = Home;
			sourceTree = "<group>";
		};
		52D10B8A29DEA04A002426F9 /* Promo */ = {
			isa = PBXGroup;
			children = (
				01627BBF29E679D20082B6A5 /* Model */,
				01627BBE29E679C20082B6A5 /* ViewModel */,
				01627BBD29E679BB0082B6A5 /* View */,
			);
			path = Promo;
			sourceTree = "<group>";
		};
		52D10B9429DEA8AD002426F9 /* CategoryServices */ = {
			isa = PBXGroup;
			children = (
				52D10B8C29DEA078002426F9 /* CategoryTableCell.swift */,
				52D10B8D29DEA078002426F9 /* CategoryTableCell.xib */,
				52D10B9029DEA0B7002426F9 /* CategoryCollectionCell.swift */,
				52D10B9129DEA0B7002426F9 /* CategoryCollectionCell.xib */,
			);
			path = CategoryServices;
			sourceTree = "<group>";
		};
		6798F21E8B9BC9C585DFA726 /* Frameworks */ = {
			isa = PBXGroup;
			children = (
				EE0A45000501C962FC9FE88E /* Pods_EcommerceApp.framework */,
			);
			name = Frameworks;
			sourceTree = "<group>";
		};
/* End PBXGroup section */

/* Begin PBXNativeTarget section */
		52CF7C1729DE810700A732E0 /* EcommerceApp */ = {
			isa = PBXNativeTarget;
			buildConfigurationList = 52CF7C2C29DE810800A732E0 /* Build configuration list for PBXNativeTarget "EcommerceApp" */;
			buildPhases = (
				6E6C0332A47DBA42A0C48E65 /* [CP] Check Pods Manifest.lock */,
				52CF7C1429DE810700A732E0 /* Sources */,
				52CF7C1529DE810700A732E0 /* Frameworks */,
				52CF7C1629DE810700A732E0 /* Resources */,
				CB4481433CE1924B966F7BD7 /* [CP] Embed Pods Frameworks */,
			);
			buildRules = (
			);
			dependencies = (
			);
			name = EcommerceApp;
			packageProductDependencies = (
				01627BB829E65F790082B6A5 /* SDWebImage */,
			);
			productName = EcommerceApp;
			productReference = 52CF7C1829DE810700A732E0 /* EcommerceApp.app */;
			productType = "com.apple.product-type.application";
		};
/* End PBXNativeTarget section */

/* Begin PBXProject section */
		52CF7C1029DE810700A732E0 /* Project object */ = {
			isa = PBXProject;
			attributes = {
				BuildIndependentTargetsInParallel = 1;
				LastSwiftUpdateCheck = 1420;
				LastUpgradeCheck = 1420;
				TargetAttributes = {
					52CF7C1729DE810700A732E0 = {
						CreatedOnToolsVersion = 14.2;
					};
				};
			};
			buildConfigurationList = 52CF7C1329DE810700A732E0 /* Build configuration list for PBXProject "EcommerceApp" */;
			compatibilityVersion = "Xcode 14.0";
			developmentRegion = en;
			hasScannedForEncodings = 0;
			knownRegions = (
				en,
				Base,
			);
			mainGroup = 52CF7C0F29DE810700A732E0;
			packageReferences = (
				01627BB729E65F780082B6A5 /* XCRemoteSwiftPackageReference "SDWebImage" */,
			);
			productRefGroup = 52CF7C1929DE810700A732E0 /* Products */;
			projectDirPath = "";
			projectRoot = "";
			targets = (
				52CF7C1729DE810700A732E0 /* EcommerceApp */,
			);
		};
/* End PBXProject section */

/* Begin PBXResourcesBuildPhase section */
		52CF7C1629DE810700A732E0 /* Resources */ = {
			isa = PBXResourcesBuildPhase;
			buildActionMask = 2147483647;
			files = (
				0186D7622A06904A0026731B /* CategoryProductCollectionViewCell.xib in Resources */,
				0127A19C2A04900500613693 /* WalletTableViewCell.xib in Resources */,
				52CF7C2829DE810800A732E0 /* LaunchScreen.storyboard in Resources */,
				52CF7C5B29DE8C0A00A732E0 /* PromoCollectionCell.xib in Resources */,
				013F6B3D2A009B8500A14FAF /* AllProductsViewController.xib in Resources */,
				520FAD6B29DEAA46004021F9 /* ProductCollectionCell.xib in Resources */,
				01015B652A07F6EB00E319ED /* ProductPerCategoryViewController.xib in Resources */,
				013F6B482A00A96300A14FAF /* RegisterViewController.xib in Resources */,
				52D10B9329DEA0B7002426F9 /* CategoryCollectionCell.xib in Resources */,
				52CF7C2529DE810800A732E0 /* Assets.xcassets in Resources */,
				52CF7C4A29DE845000A732E0 /* ProfileViewController.xib in Resources */,
				0168D93329E3A29A00BDB81D /* UserProfileTableCell.xib in Resources */,
				52CF7C4029DE842700A732E0 /* HomeViewController.xib in Resources */,
				52CF7C5729DE8B8400A732E0 /* PromoTableCell.xib in Resources */,
				013F6B4D2A00B2E700A14FAF /* LoginViewController.xib in Resources */,
				52D10B8F29DEA078002426F9 /* CategoryTableCell.xib in Resources */,
				017E9FFE29E3F9C80094D972 /* DetailViewController.xib in Resources */,
				520FAD6729DEAA15004021F9 /* FeaturedProductTableCell.xib in Resources */,
				0168D94129E3BFD500BDB81D /* MenuButtonTableCell.xib in Resources */,
				013F6B432A00A5B400A14FAF /* GoogleService-Info.plist in Resources */,
				0168D94829E3C48D00BDB81D /* LogoutButtonTableCell.xib in Resources */,
				0186D75A2A068FA40026731B /* CategoryProductViewController.xib in Resources */,
			);
			runOnlyForDeploymentPostprocessing = 0;
		};
/* End PBXResourcesBuildPhase section */

/* Begin PBXShellScriptBuildPhase section */
		6E6C0332A47DBA42A0C48E65 /* [CP] Check Pods Manifest.lock */ = {
			isa = PBXShellScriptBuildPhase;
			buildActionMask = 2147483647;
			files = (
			);
			inputFileListPaths = (
			);
			inputPaths = (
				"${PODS_PODFILE_DIR_PATH}/Podfile.lock",
				"${PODS_ROOT}/Manifest.lock",
			);
			name = "[CP] Check Pods Manifest.lock";
			outputFileListPaths = (
			);
			outputPaths = (
				"$(DERIVED_FILE_DIR)/Pods-EcommerceApp-checkManifestLockResult.txt",
			);
			runOnlyForDeploymentPostprocessing = 0;
			shellPath = /bin/sh;
			shellScript = "diff \"${PODS_PODFILE_DIR_PATH}/Podfile.lock\" \"${PODS_ROOT}/Manifest.lock\" > /dev/null\nif [ $? != 0 ] ; then\n    # print error to STDERR\n    echo \"error: The sandbox is not in sync with the Podfile.lock. Run 'pod install' or update your CocoaPods installation.\" >&2\n    exit 1\nfi\n# This output is used by Xcode 'outputs' to avoid re-running this script phase.\necho \"SUCCESS\" > \"${SCRIPT_OUTPUT_FILE_0}\"\n";
			showEnvVarsInLog = 0;
		};
		CB4481433CE1924B966F7BD7 /* [CP] Embed Pods Frameworks */ = {
			isa = PBXShellScriptBuildPhase;
			buildActionMask = 2147483647;
			files = (
			);
			inputFileListPaths = (
				"${PODS_ROOT}/Target Support Files/Pods-EcommerceApp/Pods-EcommerceApp-frameworks-${CONFIGURATION}-input-files.xcfilelist",
			);
			name = "[CP] Embed Pods Frameworks";
			outputFileListPaths = (
				"${PODS_ROOT}/Target Support Files/Pods-EcommerceApp/Pods-EcommerceApp-frameworks-${CONFIGURATION}-output-files.xcfilelist",
			);
			runOnlyForDeploymentPostprocessing = 0;
			shellPath = /bin/sh;
			shellScript = "\"${PODS_ROOT}/Target Support Files/Pods-EcommerceApp/Pods-EcommerceApp-frameworks.sh\"\n";
			showEnvVarsInLog = 0;
		};
/* End PBXShellScriptBuildPhase section */

/* Begin PBXSourcesBuildPhase section */
		52CF7C1429DE810700A732E0 /* Sources */ = {
			isa = PBXSourcesBuildPhase;
			buildActionMask = 2147483647;
			files = (
				013F6B4C2A00B2E700A14FAF /* LoginViewController.swift in Sources */,
				01627BC129E679E50082B6A5 /* PromoViewModel.swift in Sources */,
				01627BB229E656E30082B6A5 /* Promo.swift in Sources */,
				01627BBC29E670FC0082B6A5 /* APIService.swift in Sources */,
				0186D75D2A068FDD0026731B /* CategoryProductViewModel.swift in Sources */,
				0168D93229E3A29A00BDB81D /* UserProfileTableCell.swift in Sources */,
				01015B642A07F6EB00E319ED /* ProductPerCategoryViewController.swift in Sources */,
				013F6B3C2A009B8500A14FAF /* AllProductsViewController.swift in Sources */,
				0127A19B2A04900500613693 /* WalletTableViewCell.swift in Sources */,
				52CF7C3F29DE842700A732E0 /* HomeViewController.swift in Sources */,
				01015B5D2A07DA7B00E319ED /* RegisterViewModel.swift in Sources */,
				0168D94029E3BFD500BDB81D /* MenuButtonTableCell.swift in Sources */,
				52CF7C1C29DE810700A732E0 /* AppDelegate.swift in Sources */,
				017E9FFD29E3F9C80094D972 /* DetailViewController.swift in Sources */,
				01015B602A07E24900E319ED /* LoginViewModel.swift in Sources */,
				52D10B8E29DEA078002426F9 /* CategoryTableCell.swift in Sources */,
				52CF7C4929DE845000A732E0 /* ProfileViewController.swift in Sources */,
				01015B692A07FD1500E319ED /* ProductPerCategoryViewModel.swift in Sources */,
				01627BB629E65AD50082B6A5 /* Product.swift in Sources */,
				01CA6AD829E7E92E003898C6 /* FeatureProductViewModel.swift in Sources */,
				52CF7C1E29DE810700A732E0 /* SceneDelegate.swift in Sources */,
				013F6B8C2A00D37F00A14FAF /* RegisterLoginTextField.swift in Sources */,
				52CF7C5A29DE8C0A00A732E0 /* PromoCollectionCell.swift in Sources */,
				52CF7C3C29DE82F800A732E0 /* TabBar.swift in Sources */,
				013F6B412A009D2300A14FAF /* AllProductsViewModel.swift in Sources */,
				013F6B472A00A96300A14FAF /* RegisterViewController.swift in Sources */,
				0168D94729E3C48D00BDB81D /* LogoutButtonTableCell.swift in Sources */,
				0127A1A02A04F08E00613693 /* DetailProductViewModel.swift in Sources */,
				52D10B9229DEA0B7002426F9 /* CategoryCollectionCell.swift in Sources */,
				520FAD6629DEAA15004021F9 /* FeaturedProductTableCell.swift in Sources */,
				0186D7592A068FA30026731B /* CategoryProductViewController.swift in Sources */,
				52CF7C5629DE8B8400A732E0 /* PromoTableCell.swift in Sources */,
				520FAD6A29DEAA46004021F9 /* ProductCollectionCell.swift in Sources */,
				0186D7612A06904A0026731B /* CategoryProductCollectionViewCell.swift in Sources */,
			);
			runOnlyForDeploymentPostprocessing = 0;
		};
/* End PBXSourcesBuildPhase section */

/* Begin PBXVariantGroup section */
		52CF7C2629DE810800A732E0 /* LaunchScreen.storyboard */ = {
			isa = PBXVariantGroup;
			children = (
				52CF7C2729DE810800A732E0 /* Base */,
			);
			name = LaunchScreen.storyboard;
			sourceTree = "<group>";
		};
/* End PBXVariantGroup section */

/* Begin XCBuildConfiguration section */
		52CF7C2A29DE810800A732E0 /* Debug */ = {
			isa = XCBuildConfiguration;
			buildSettings = {
				ALWAYS_SEARCH_USER_PATHS = NO;
				CLANG_ANALYZER_NONNULL = YES;
				CLANG_ANALYZER_NUMBER_OBJECT_CONVERSION = YES_AGGRESSIVE;
				CLANG_CXX_LANGUAGE_STANDARD = "gnu++20";
				CLANG_ENABLE_MODULES = YES;
				CLANG_ENABLE_OBJC_ARC = YES;
				CLANG_ENABLE_OBJC_WEAK = YES;
				CLANG_WARN_BLOCK_CAPTURE_AUTORELEASING = YES;
				CLANG_WARN_BOOL_CONVERSION = YES;
				CLANG_WARN_COMMA = YES;
				CLANG_WARN_CONSTANT_CONVERSION = YES;
				CLANG_WARN_DEPRECATED_OBJC_IMPLEMENTATIONS = YES;
				CLANG_WARN_DIRECT_OBJC_ISA_USAGE = YES_ERROR;
				CLANG_WARN_DOCUMENTATION_COMMENTS = YES;
				CLANG_WARN_EMPTY_BODY = YES;
				CLANG_WARN_ENUM_CONVERSION = YES;
				CLANG_WARN_INFINITE_RECURSION = YES;
				CLANG_WARN_INT_CONVERSION = YES;
				CLANG_WARN_NON_LITERAL_NULL_CONVERSION = YES;
				CLANG_WARN_OBJC_IMPLICIT_RETAIN_SELF = YES;
				CLANG_WARN_OBJC_LITERAL_CONVERSION = YES;
				CLANG_WARN_OBJC_ROOT_CLASS = YES_ERROR;
				CLANG_WARN_QUOTED_INCLUDE_IN_FRAMEWORK_HEADER = YES;
				CLANG_WARN_RANGE_LOOP_ANALYSIS = YES;
				CLANG_WARN_STRICT_PROTOTYPES = YES;
				CLANG_WARN_SUSPICIOUS_MOVE = YES;
				CLANG_WARN_UNGUARDED_AVAILABILITY = YES_AGGRESSIVE;
				CLANG_WARN_UNREACHABLE_CODE = YES;
				CLANG_WARN__DUPLICATE_METHOD_MATCH = YES;
				COPY_PHASE_STRIP = NO;
				DEBUG_INFORMATION_FORMAT = dwarf;
				ENABLE_STRICT_OBJC_MSGSEND = YES;
				ENABLE_TESTABILITY = YES;
				GCC_C_LANGUAGE_STANDARD = gnu11;
				GCC_DYNAMIC_NO_PIC = NO;
				GCC_NO_COMMON_BLOCKS = YES;
				GCC_OPTIMIZATION_LEVEL = 0;
				GCC_PREPROCESSOR_DEFINITIONS = (
					"DEBUG=1",
					"$(inherited)",
				);
				GCC_WARN_64_TO_32_BIT_CONVERSION = YES;
				GCC_WARN_ABOUT_RETURN_TYPE = YES_ERROR;
				GCC_WARN_UNDECLARED_SELECTOR = YES;
				GCC_WARN_UNINITIALIZED_AUTOS = YES_AGGRESSIVE;
				GCC_WARN_UNUSED_FUNCTION = YES;
				GCC_WARN_UNUSED_VARIABLE = YES;
				IPHONEOS_DEPLOYMENT_TARGET = 16.2;
				MTL_ENABLE_DEBUG_INFO = INCLUDE_SOURCE;
				MTL_FAST_MATH = YES;
				ONLY_ACTIVE_ARCH = YES;
				SDKROOT = iphoneos;
				SWIFT_ACTIVE_COMPILATION_CONDITIONS = DEBUG;
				SWIFT_OPTIMIZATION_LEVEL = "-Onone";
			};
			name = Debug;
		};
		52CF7C2B29DE810800A732E0 /* Release */ = {
			isa = XCBuildConfiguration;
			buildSettings = {
				ALWAYS_SEARCH_USER_PATHS = NO;
				CLANG_ANALYZER_NONNULL = YES;
				CLANG_ANALYZER_NUMBER_OBJECT_CONVERSION = YES_AGGRESSIVE;
				CLANG_CXX_LANGUAGE_STANDARD = "gnu++20";
				CLANG_ENABLE_MODULES = YES;
				CLANG_ENABLE_OBJC_ARC = YES;
				CLANG_ENABLE_OBJC_WEAK = YES;
				CLANG_WARN_BLOCK_CAPTURE_AUTORELEASING = YES;
				CLANG_WARN_BOOL_CONVERSION = YES;
				CLANG_WARN_COMMA = YES;
				CLANG_WARN_CONSTANT_CONVERSION = YES;
				CLANG_WARN_DEPRECATED_OBJC_IMPLEMENTATIONS = YES;
				CLANG_WARN_DIRECT_OBJC_ISA_USAGE = YES_ERROR;
				CLANG_WARN_DOCUMENTATION_COMMENTS = YES;
				CLANG_WARN_EMPTY_BODY = YES;
				CLANG_WARN_ENUM_CONVERSION = YES;
				CLANG_WARN_INFINITE_RECURSION = YES;
				CLANG_WARN_INT_CONVERSION = YES;
				CLANG_WARN_NON_LITERAL_NULL_CONVERSION = YES;
				CLANG_WARN_OBJC_IMPLICIT_RETAIN_SELF = YES;
				CLANG_WARN_OBJC_LITERAL_CONVERSION = YES;
				CLANG_WARN_OBJC_ROOT_CLASS = YES_ERROR;
				CLANG_WARN_QUOTED_INCLUDE_IN_FRAMEWORK_HEADER = YES;
				CLANG_WARN_RANGE_LOOP_ANALYSIS = YES;
				CLANG_WARN_STRICT_PROTOTYPES = YES;
				CLANG_WARN_SUSPICIOUS_MOVE = YES;
				CLANG_WARN_UNGUARDED_AVAILABILITY = YES_AGGRESSIVE;
				CLANG_WARN_UNREACHABLE_CODE = YES;
				CLANG_WARN__DUPLICATE_METHOD_MATCH = YES;
				COPY_PHASE_STRIP = NO;
				DEBUG_INFORMATION_FORMAT = "dwarf-with-dsym";
				ENABLE_NS_ASSERTIONS = NO;
				ENABLE_STRICT_OBJC_MSGSEND = YES;
				GCC_C_LANGUAGE_STANDARD = gnu11;
				GCC_NO_COMMON_BLOCKS = YES;
				GCC_WARN_64_TO_32_BIT_CONVERSION = YES;
				GCC_WARN_ABOUT_RETURN_TYPE = YES_ERROR;
				GCC_WARN_UNDECLARED_SELECTOR = YES;
				GCC_WARN_UNINITIALIZED_AUTOS = YES_AGGRESSIVE;
				GCC_WARN_UNUSED_FUNCTION = YES;
				GCC_WARN_UNUSED_VARIABLE = YES;
				IPHONEOS_DEPLOYMENT_TARGET = 16.2;
				MTL_ENABLE_DEBUG_INFO = NO;
				MTL_FAST_MATH = YES;
				SDKROOT = iphoneos;
				SWIFT_COMPILATION_MODE = wholemodule;
				SWIFT_OPTIMIZATION_LEVEL = "-O";
				VALIDATE_PRODUCT = YES;
			};
			name = Release;
		};
		52CF7C2D29DE810800A732E0 /* Debug */ = {
			isa = XCBuildConfiguration;
			baseConfigurationReference = 1E47C40FCDAE11C8B715EB43 /* Pods-EcommerceApp.debug.xcconfig */;
			buildSettings = {
				ASSETCATALOG_COMPILER_APPICON_NAME = AppIcon;
				ASSETCATALOG_COMPILER_GLOBAL_ACCENT_COLOR_NAME = AccentColor;
				CODE_SIGN_STYLE = Automatic;
				CURRENT_PROJECT_VERSION = 1;
				DEVELOPMENT_TEAM = 86CWQQPNC4;
				GENERATE_INFOPLIST_FILE = YES;
				INFOPLIST_FILE = EcommerceApp/Info.plist;
				INFOPLIST_KEY_UIApplicationSupportsIndirectInputEvents = YES;
				INFOPLIST_KEY_UILaunchStoryboardName = LaunchScreen;
				INFOPLIST_KEY_UISupportedInterfaceOrientations_iPad = "UIInterfaceOrientationPortrait UIInterfaceOrientationPortraitUpsideDown UIInterfaceOrientationLandscapeLeft UIInterfaceOrientationLandscapeRight";
				INFOPLIST_KEY_UISupportedInterfaceOrientations_iPhone = "UIInterfaceOrientationPortrait UIInterfaceOrientationLandscapeLeft UIInterfaceOrientationLandscapeRight";
				IPHONEOS_DEPLOYMENT_TARGET = 15.0;
				LD_RUNPATH_SEARCH_PATHS = (
					"$(inherited)",
					"@executable_path/Frameworks",
				);
				MARKETING_VERSION = 1.0;
				PRODUCT_BUNDLE_IDENTIFIER = com.ziesdev.EcommerceApp;
				PRODUCT_NAME = "$(TARGET_NAME)";
				SWIFT_EMIT_LOC_STRINGS = YES;
				SWIFT_VERSION = 5.0;
				TARGETED_DEVICE_FAMILY = "1,2";
			};
			name = Debug;
		};
		52CF7C2E29DE810800A732E0 /* Release */ = {
			isa = XCBuildConfiguration;
			baseConfigurationReference = 977F5E1992091B248D0538B8 /* Pods-EcommerceApp.release.xcconfig */;
			buildSettings = {
				ASSETCATALOG_COMPILER_APPICON_NAME = AppIcon;
				ASSETCATALOG_COMPILER_GLOBAL_ACCENT_COLOR_NAME = AccentColor;
				CODE_SIGN_STYLE = Automatic;
				CURRENT_PROJECT_VERSION = 1;
				DEVELOPMENT_TEAM = 86CWQQPNC4;
				GENERATE_INFOPLIST_FILE = YES;
				INFOPLIST_FILE = EcommerceApp/Info.plist;
				INFOPLIST_KEY_UIApplicationSupportsIndirectInputEvents = YES;
				INFOPLIST_KEY_UILaunchStoryboardName = LaunchScreen;
				INFOPLIST_KEY_UISupportedInterfaceOrientations_iPad = "UIInterfaceOrientationPortrait UIInterfaceOrientationPortraitUpsideDown UIInterfaceOrientationLandscapeLeft UIInterfaceOrientationLandscapeRight";
				INFOPLIST_KEY_UISupportedInterfaceOrientations_iPhone = "UIInterfaceOrientationPortrait UIInterfaceOrientationLandscapeLeft UIInterfaceOrientationLandscapeRight";
				IPHONEOS_DEPLOYMENT_TARGET = 15.0;
				LD_RUNPATH_SEARCH_PATHS = (
					"$(inherited)",
					"@executable_path/Frameworks",
				);
				MARKETING_VERSION = 1.0;
				PRODUCT_BUNDLE_IDENTIFIER = com.ziesdev.EcommerceApp;
				PRODUCT_NAME = "$(TARGET_NAME)";
				SWIFT_EMIT_LOC_STRINGS = YES;
				SWIFT_VERSION = 5.0;
				TARGETED_DEVICE_FAMILY = "1,2";
			};
			name = Release;
		};
/* End XCBuildConfiguration section */

/* Begin XCConfigurationList section */
		52CF7C1329DE810700A732E0 /* Build configuration list for PBXProject "EcommerceApp" */ = {
			isa = XCConfigurationList;
			buildConfigurations = (
				52CF7C2A29DE810800A732E0 /* Debug */,
				52CF7C2B29DE810800A732E0 /* Release */,
			);
			defaultConfigurationIsVisible = 0;
			defaultConfigurationName = Release;
		};
		52CF7C2C29DE810800A732E0 /* Build configuration list for PBXNativeTarget "EcommerceApp" */ = {
			isa = XCConfigurationList;
			buildConfigurations = (
				52CF7C2D29DE810800A732E0 /* Debug */,
				52CF7C2E29DE810800A732E0 /* Release */,
			);
			defaultConfigurationIsVisible = 0;
			defaultConfigurationName = Release;
		};
/* End XCConfigurationList section */

/* Begin XCRemoteSwiftPackageReference section */
		01627BB729E65F780082B6A5 /* XCRemoteSwiftPackageReference "SDWebImage" */ = {
			isa = XCRemoteSwiftPackageReference;
			repositoryURL = "https://github.com/SDWebImage/SDWebImage";
			requirement = {
				kind = upToNextMajorVersion;
				minimumVersion = 5.0.0;
			};
		};
/* End XCRemoteSwiftPackageReference section */

/* Begin XCSwiftPackageProductDependency section */
		01627BB829E65F790082B6A5 /* SDWebImage */ = {
			isa = XCSwiftPackageProductDependency;
			package = 01627BB729E65F780082B6A5 /* XCRemoteSwiftPackageReference "SDWebImage" */;
			productName = SDWebImage;
		};
/* End XCSwiftPackageProductDependency section */
	};
	rootObject = 52CF7C1029DE810700A732E0 /* Project object */;
}
